<?xml version="1.0" encoding="utf-8"?>
<Project ToolsVersion="4.0" xmlns="http://schemas.microsoft.com/developer/msbuild/2003">
  <ItemGroup>
    <Filter Include="Source Files">
      <UniqueIdentifier>{a273b863-2c5e-4412-bdd5-a4fc8e833dd1}</UniqueIdentifier>
      <Extensions>cpp;c;cxx;rc;def;r;odl;idl;hpj;bat</Extensions>
    </Filter>
    <Filter Include="Header Files">
      <UniqueIdentifier>{56725470-84a2-458c-aa06-4924548325aa}</UniqueIdentifier>
      <Extensions>h;hpp;hxx;hm;inl</Extensions>
    </Filter>
  </ItemGroup>
  <ItemGroup>
    <ClCompile Include="..\spserver\spbuffer.cpp">
      <Filter>Source Files</Filter>
    </ClCompile>
    <ClCompile Include="..\spserver\spexecutor.cpp">
      <Filter>Source Files</Filter>
    </ClCompile>
    <ClCompile Include="..\spserver\sphandler.cpp">
      <Filter>Source Files</Filter>
    </ClCompile>
    <ClCompile Include="..\spserver\sphttp.cpp">
      <Filter>Source Files</Filter>
    </ClCompile>
    <ClCompile Include="..\spserver\sphttpmsg.cpp">
      <Filter>Source Files</Filter>
    </ClCompile>
    <ClCompile Include="..\spserver\spiochannel.cpp">
      <Filter>Source Files</Filter>
    </ClCompile>
    <ClCompile Include="..\spserver\spiocpdispatcher.cpp">
      <Filter>Source Files</Filter>
    </ClCompile>
    <ClCompile Include="..\spserver\spiocpevent.cpp">
      <Filter>Source Files</Filter>
    </ClCompile>
    <ClCompile Include="..\spserver\spiocplfserver.cpp">
      <Filter>Source Files</Filter>
    </ClCompile>
    <ClCompile Include="..\spserver\spiocpserver.cpp">
      <Filter>Source Files</Filter>
    </ClCompile>
    <ClCompile Include="..\spserver\spioutils.cpp">
      <Filter>Source Files</Filter>
    </ClCompile>
    <ClCompile Include="..\spserver\spmsgblock.cpp">
      <Filter>Source Files</Filter>
    </ClCompile>
    <ClCompile Include="..\spserver\spmsgdecoder.cpp">
      <Filter>Source Files</Filter>
    </ClCompile>
    <ClCompile Include="..\spserver\sprequest.cpp">
      <Filter>Source Files</Filter>
    </ClCompile>
    <ClCompile Include="..\spserver\spresponse.cpp">
      <Filter>Source Files</Filter>
    </ClCompile>
    <ClCompile Include="..\spserver\spsession.cpp">
      <Filter>Source Files</Filter>
    </ClCompile>
    <ClCompile Include="..\spserver\spsmtp.cpp">
      <Filter>Source Files</Filter>
    </ClCompile>
    <ClCompile Include="..\spserver\spthread.cpp">
      <Filter>Source Files</Filter>
    </ClCompile>
    <ClCompile Include="..\spserver\spthreadpool.cpp">
      <Filter>Source Files</Filter>
    </ClCompile>
    <ClCompile Include="..\spserver\sputils.cpp">
      <Filter>Source Files</Filter>
    </ClCompile>
    <ClCompile Include="..\spserver\spwin32buffer.cpp">
      <Filter>Source Files</Filter>
    </ClCompile>
    <ClCompile Include="..\spserver\spwin32iocp.cpp">
      <Filter>Source Files</Filter>
    </ClCompile>
    <ClCompile Include="..\spserver\spwin32port.cpp">
      <Filter>Source Files</Filter>
    </ClCompile>
  </ItemGroup>
  <ItemGroup>
    <ClInclude Include="..\spserver\spbuffer.hpp">
      <Filter>Header Files</Filter>
    </ClInclude>
    <ClInclude Include="..\spserver\spexecutor.hpp">
      <Filter>Header Files</Filter>
    </ClInclude>
    <ClInclude Include="..\spserver\sphandler.hpp">
      <Filter>Header Files</Filter>
    </ClInclude>
    <ClInclude Include="..\spserver\sphttp.hpp">
      <Filter>Header Files</Filter>
    </ClInclude>
    <ClInclude Include="..\spserver\sphttpmsg.hpp">
      <Filter>Header Files</Filter>
    </ClInclude>
    <ClInclude Include="..\spserver\spiochannel.hpp">
      <Filter>Header Files</Filter>
    </ClInclude>
    <ClInclude Include="..\spserver\spiocpdispatcher.hpp">
      <Filter>Header Files</Filter>
    </ClInclude>
    <ClInclude Include="..\spserver\spiocpevent.hpp">
      <Filter>Header Files</Filter>
    </ClInclude>
    <ClInclude Include="..\spserver\spiocplfserver.hpp">
      <Filter>Header Files</Filter>
    </ClInclude>
    <ClInclude Include="..\spserver\spiocpserver.hpp">
      <Filter>Header Files</Filter>
    </ClInclude>
    <ClInclude Include="..\spserver\spioutils.hpp">
      <Filter>Header Files</Filter>
    </ClInclude>
    <ClInclude Include="..\spserver\spmsgblock.hpp">
      <Filter>Header Files</Filter>
    </ClInclude>
    <ClInclude Include="..\spserver\spmsgdecoder.hpp">
      <Filter>Header Files</Filter>
    </ClInclude>
    <ClInclude Include="..\spserver\spporting.hpp">
      <Filter>Header Files</Filter>
    </ClInclude>
    <ClInclude Include="..\spserver\sprequest.hpp">
      <Filter>Header Files</Filter>
    </ClInclude>
    <ClInclude Include="..\spserver\spresponse.hpp">
      <Filter>Header Files</Filter>
    </ClInclude>
    <ClInclude Include="..\spserver\spsession.hpp">
      <Filter>Header Files</Filter>
    </ClInclude>
    <ClInclude Include="..\spserver\spsmtp.hpp">
      <Filter>Header Files</Filter>
    </ClInclude>
    <ClInclude Include="..\spserver\spthread.hpp">
      <Filter>Header Files</Filter>
    </ClInclude>
    <ClInclude Include="..\spserver\spthreadpool.hpp">
      <Filter>Header Files</Filter>
    </ClInclude>
    <ClInclude Include="..\spserver\sputils.hpp">
      <Filter>Header Files</Filter>
    </ClInclude>
    <ClInclude Include="..\spserver\spwin32buffer.hpp">
      <Filter>Header Files</Filter>
    </ClInclude>
    <ClInclude Include="..\spserver\spwin32iocp.hpp">
      <Filter>Header Files</Filter>
    </ClInclude>
    <ClInclude Include="..\spserver\spwin32port.hpp">
      <Filter>Header Files</Filter>
    </ClInclude>
  </ItemGroup>
</Project>